
Microsoft Visual Studio Solution File, Format Version 12.00
# Visual Studio Version 17
VisualStudioVersion = 17.13.35931.197
MinimumVisualStudioVersion = 10.0.40219.1
Project("{FAE04EC0-301F-11D3-BF4B-00C04F79EFBC}") = "FonteViva", "FonteViva.csproj", "{F091D621-70ED-40CF-A41D-F00CCAA9C685}"
EndProject
Global
	GlobalSection(SolutionConfigurationPlatforms) = preSolution
		Debug|Any CPU = Debug|Any CPU
		Release|Any CPU = Release|Any CPU
	EndGlobalSection
	GlobalSection(ProjectConfigurationPlatforms) = postSolution
		{F091D621-70ED-40CF-A41D-F00CCAA9C685}.Debug|Any CPU.ActiveCfg = Debug|Any CPU
		{F091D621-70ED-40CF-A41D-F00CCAA9C685}.Debug|Any CPU.Build.0 = Debug|Any CPU
		{F091D621-70ED-40CF-A41D-F00CCAA9C685}.Release|Any CPU.ActiveCfg = Release|Any CPU
		{F091D621-70ED-40CF-A41D-F00CCAA9C685}.Release|Any CPU.Build.0 = Release|Any CPU
	EndGlobalSection
	GlobalSection(SolutionProperties) = preSolution
		HideSolutionNode = FALSE
	EndGlobalSection
	GlobalSection(ExtensibilityGlobals) = postSolution
		SolutionGuid = {63A64F00-285F-4890-87EF-AE572704EC00}
	EndGlobalSection
EndGlobal
